
Microsoft Visual Studio Solution File, Format Version 12.00
# Visual Studio Version 16
VisualStudioVersion = 16.0.30002.166
MinimumVisualStudioVersion = 10.0.40219.1
Project("{FAE04EC0-301F-11D3-BF4B-00C04F79EFBC}") = "videoLibrary", "videoLibrary\videoLibrary.csproj", "{C130F954-98AC-496D-946B-70FE9D8F941C}"
EndProject
Global
	GlobalSection(SolutionConfigurationPlatforms) = preSolution
		Debug|Any CPU = Debug|Any CPU
		Release|Any CPU = Release|Any CPU
	EndGlobalSection
	GlobalSection(ProjectConfigurationPlatforms) = postSolution
		{C130F954-98AC-496D-946B-70FE9D8F941C}.Debug|Any CPU.ActiveCfg = Debug|Any CPU
		{C130F954-98AC-496D-946B-70FE9D8F941C}.Debug|Any CPU.Build.0 = Debug|Any CPU
		{C130F954-98AC-496D-946B-70FE9D8F941C}.Release|Any CPU.ActiveCfg = Release|Any CPU
		{C130F954-98AC-496D-946B-70FE9D8F941C}.Release|Any CPU.Build.0 = Release|Any CPU
	EndGlobalSection
	GlobalSection(SolutionProperties) = preSolution
		HideSolutionNode = FALSE
	EndGlobalSection
	GlobalSection(ExtensibilityGlobals) = postSolution
		SolutionGuid = {D3B2727B-D21E-4430-9A8C-F0D77FC5CDD7}
	EndGlobalSection
EndGlobal
